
Microsoft Visual Studio Solution File, Format Version 12.00
# Visual Studio Version 16
VisualStudioVersion = 16.0.31410.357
MinimumVisualStudioVersion = 10.0.40219.1
Project("{FAE04EC0-301F-11D3-BF4B-00C04F79EFBC}") = "BacklogOrganizer", "BacklogOrganizer\BacklogOrganizer.csproj", "{78884897-9074-4AA4-9CA4-4BE473D857AF}"
EndProject
Global
	GlobalSection(SolutionConfigurationPlatforms) = preSolution
		Debug|Any CPU = Debug|Any CPU
		Release|Any CPU = Release|Any CPU
	EndGlobalSection
	GlobalSection(ProjectConfigurationPlatforms) = postSolution
		{78884897-9074-4AA4-9CA4-4BE473D857AF}.Debug|Any CPU.ActiveCfg = Debug|Any CPU
		{78884897-9074-4AA4-9CA4-4BE473D857AF}.Debug|Any CPU.Build.0 = Debug|Any CPU
		{78884897-9074-4AA4-9CA4-4BE473D857AF}.Release|Any CPU.ActiveCfg = Release|Any CPU
		{78884897-9074-4AA4-9CA4-4BE473D857AF}.Release|Any CPU.Build.0 = Release|Any CPU
	EndGlobalSection
	GlobalSection(SolutionProperties) = preSolution
		HideSolutionNode = FALSE
	EndGlobalSection
	GlobalSection(ExtensibilityGlobals) = postSolution
		SolutionGuid = {8CA9A062-ABD0-4170-9194-C8CF6DCB1A87}
	EndGlobalSection
EndGlobal
